
Microsoft Visual Studio Solution File, Format Version 12.00
# Visual Studio Version 17
VisualStudioVersion = 17.10.35013.160
MinimumVisualStudioVersion = 10.0.40219.1
Project("{FAE04EC0-301F-11D3-BF4B-00C04F79EFBC}") = "SistemaTaller", "SistemaTaller\SistemaTaller.csproj", "{ECA1E7AE-A88C-4974-8A9F-C7CDDE7343CE}"
EndProject
Global
	GlobalSection(SolutionConfigurationPlatforms) = preSolution
		Debug|Any CPU = Debug|Any CPU
		Release|Any CPU = Release|Any CPU
	EndGlobalSection
	GlobalSection(ProjectConfigurationPlatforms) = postSolution
		{ECA1E7AE-A88C-4974-8A9F-C7CDDE7343CE}.Debug|Any CPU.ActiveCfg = Debug|Any CPU
		{ECA1E7AE-A88C-4974-8A9F-C7CDDE7343CE}.Debug|Any CPU.Build.0 = Debug|Any CPU
		{ECA1E7AE-A88C-4974-8A9F-C7CDDE7343CE}.Release|Any CPU.ActiveCfg = Release|Any CPU
		{ECA1E7AE-A88C-4974-8A9F-C7CDDE7343CE}.Release|Any CPU.Build.0 = Release|Any CPU
	EndGlobalSection
	GlobalSection(SolutionProperties) = preSolution
		HideSolutionNode = FALSE
	EndGlobalSection
	GlobalSection(ExtensibilityGlobals) = postSolution
		SolutionGuid = {32DB3D5E-64C3-474B-A96A-8B72AD5B2A22}
	EndGlobalSection
EndGlobal
